
Microsoft Visual Studio Solution File, Format Version 12.00
# Visual Studio Version 16
VisualStudioVersion = 16.0.30907.101
MinimumVisualStudioVersion = 10.0.40219.1
Project("{FAE04EC0-301F-11D3-BF4B-00C04F79EFBC}") = "Kalle Johansson - Space Invaders", "Kalle Johansson - Space Invaders\Kalle Johansson - Space Invaders.csproj", "{61EB4FB9-CA11-4EBA-B8EE-F769C287A363}"
EndProject
Global
	GlobalSection(SolutionConfigurationPlatforms) = preSolution
		Debug|Any CPU = Debug|Any CPU
		Release|Any CPU = Release|Any CPU
	EndGlobalSection
	GlobalSection(ProjectConfigurationPlatforms) = postSolution
		{61EB4FB9-CA11-4EBA-B8EE-F769C287A363}.Debug|Any CPU.ActiveCfg = Debug|Any CPU
		{61EB4FB9-CA11-4EBA-B8EE-F769C287A363}.Debug|Any CPU.Build.0 = Debug|Any CPU
		{61EB4FB9-CA11-4EBA-B8EE-F769C287A363}.Release|Any CPU.ActiveCfg = Release|Any CPU
		{61EB4FB9-CA11-4EBA-B8EE-F769C287A363}.Release|Any CPU.Build.0 = Release|Any CPU
	EndGlobalSection
	GlobalSection(SolutionProperties) = preSolution
		HideSolutionNode = FALSE
	EndGlobalSection
	GlobalSection(ExtensibilityGlobals) = postSolution
		SolutionGuid = {EC92105D-178C-469A-8835-C94D826AD7E2}
	EndGlobalSection
EndGlobal
